
Microsoft Visual Studio Solution File, Format Version 12.00
# Visual Studio Version 16
VisualStudioVersion = 16.0.31613.86
MinimumVisualStudioVersion = 10.0.40219.1
Project("{FAE04EC0-301F-11D3-BF4B-00C04F79EFBC}") = "ManipulacionStringEjemplo", "ManipulacionStringEjemplo\ManipulacionStringEjemplo.csproj", "{92269AB0-6640-43B4-90FC-08785A496528}"
EndProject
Global
	GlobalSection(SolutionConfigurationPlatforms) = preSolution
		Debug|Any CPU = Debug|Any CPU
		Release|Any CPU = Release|Any CPU
	EndGlobalSection
	GlobalSection(ProjectConfigurationPlatforms) = postSolution
		{92269AB0-6640-43B4-90FC-08785A496528}.Debug|Any CPU.ActiveCfg = Debug|Any CPU
		{92269AB0-6640-43B4-90FC-08785A496528}.Debug|Any CPU.Build.0 = Debug|Any CPU
		{92269AB0-6640-43B4-90FC-08785A496528}.Release|Any CPU.ActiveCfg = Release|Any CPU
		{92269AB0-6640-43B4-90FC-08785A496528}.Release|Any CPU.Build.0 = Release|Any CPU
	EndGlobalSection
	GlobalSection(SolutionProperties) = preSolution
		HideSolutionNode = FALSE
	EndGlobalSection
	GlobalSection(ExtensibilityGlobals) = postSolution
		SolutionGuid = {E18659C1-2CBD-4E62-AF5F-47D0A3FF8514}
	EndGlobalSection
EndGlobal
